// !$*UTF8*$!
{
	archiveVersion = 1;
	classes = {
	};
	objectVersion = 56;
	objects = {

/* Begin PBXBuildFile section */
		ADFCB3612A83B58700464491 /* AppDelegate.swift in Sources */ = {isa = PBXBuildFile; fileRef = ADFCB3602A83B58700464491 /* AppDelegate.swift */; };
		ADFCB3632A83B58700464491 /* SceneDelegate.swift in Sources */ = {isa = PBXBuildFile; fileRef = ADFCB3622A83B58700464491 /* SceneDelegate.swift */; };
		ADFCB3652A83B58700464491 /* ViewController.swift in Sources */ = {isa = PBXBuildFile; fileRef = ADFCB3642A83B58700464491 /* ViewController.swift */; };
		ADFCB3682A83B58700464491 /* Main.storyboard in Resources */ = {isa = PBXBuildFile; fileRef = ADFCB3662A83B58700464491 /* Main.storyboard */; };
		ADFCB36A2A83B58B00464491 /* Assets.xcassets in Resources */ = {isa = PBXBuildFile; fileRef = ADFCB3692A83B58B00464491 /* Assets.xcassets */; };
		ADFCB36D2A83B58B00464491 /* LaunchScreen.storyboard in Resources */ = {isa = PBXBuildFile; fileRef = ADFCB36B2A83B58B00464491 /* LaunchScreen.storyboard */; };
		ADFCB3782A83B58B00464491 /* WorldTrotterTests.swift in Sources */ = {isa = PBXBuildFile; fileRef = ADFCB3772A83B58B00464491 /* WorldTrotterTests.swift */; };
		ADFCB3822A83B58B00464491 /* WorldTrotterUITests.swift in Sources */ = {isa = PBXBuildFile; fileRef = ADFCB3812A83B58B00464491 /* WorldTrotterUITests.swift */; };
		ADFCB3842A83B58B00464491 /* WorldTrotterUITestsLaunchTests.swift in Sources */ = {isa = PBXBuildFile; fileRef = ADFCB3832A83B58B00464491 /* WorldTrotterUITestsLaunchTests.swift */; };
		ADFCB3942A84DBB300464491 /* SilverChallenge-ViewController.swift in Sources */ = {isa = PBXBuildFile; fileRef = ADFCB3932A84DBB300464491 /* SilverChallenge-ViewController.swift */; };
		ADFCB3962A861CFD00464491 /* Golden-Challenege-ViewController.swift in Sources */ = {isa = PBXBuildFile; fileRef = ADFCB3952A861CFD00464491 /* Golden-Challenege-ViewController.swift */; };
/* End PBXBuildFile section */

/* Begin PBXContainerItemProxy section */
		ADFCB3742A83B58B00464491 /* PBXContainerItemProxy */ = {
			isa = PBXContainerItemProxy;
			containerPortal = ADFCB3552A83B58600464491 /* Project object */;
			proxyType = 1;
			remoteGlobalIDString = ADFCB35C2A83B58600464491;
			remoteInfo = WorldTrotter;
		};
		ADFCB37E2A83B58B00464491 /* PBXContainerItemProxy */ = {
			isa = PBXContainerItemProxy;
			containerPortal = ADFCB3552A83B58600464491 /* Project object */;
			proxyType = 1;
			remoteGlobalIDString = ADFCB35C2A83B58600464491;
			remoteInfo = WorldTrotter;
		};
/* End PBXContainerItemProxy section */

/* Begin PBXFileReference section */
		ADFCB35D2A83B58600464491 /* WorldTrotter.app */ = {isa = PBXFileReference; explicitFileType = wrapper.application; includeInIndex = 0; path = WorldTrotter.app; sourceTree = BUILT_PRODUCTS_DIR; };
		ADFCB3602A83B58700464491 /* AppDelegate.swift */ = {isa = PBXFileReference; lastKnownFileType = sourcecode.swift; path = AppDelegate.swift; sourceTree = "<group>"; };
		ADFCB3622A83B58700464491 /* SceneDelegate.swift */ = {isa = PBXFileReference; lastKnownFileType = sourcecode.swift; path = SceneDelegate.swift; sourceTree = "<group>"; };
		ADFCB3642A83B58700464491 /* ViewController.swift */ = {isa = PBXFileReference; lastKnownFileType = sourcecode.swift; path = ViewController.swift; sourceTree = "<group>"; };
		ADFCB3672A83B58700464491 /* Base */ = {isa = PBXFileReference; lastKnownFileType = file.storyboard; name = Base; path = Base.lproj/Main.storyboard; sourceTree = "<group>"; };
		ADFCB3692A83B58B00464491 /* Assets.xcassets */ = {isa = PBXFileReference; lastKnownFileType = folder.assetcatalog; path = Assets.xcassets; sourceTree = "<group>"; };
		ADFCB36C2A83B58B00464491 /* Base */ = {isa = PBXFileReference; lastKnownFileType = file.storyboard; name = Base; path = Base.lproj/LaunchScreen.storyboard; sourceTree = "<group>"; };
		ADFCB36E2A83B58B00464491 /* Info.plist */ = {isa = PBXFileReference; lastKnownFileType = text.plist.xml; path = Info.plist; sourceTree = "<group>"; };
		ADFCB3732A83B58B00464491 /* WorldTrotterTests.xctest */ = {isa = PBXFileReference; explicitFileType = wrapper.cfbundle; includeInIndex = 0; path = WorldTrotterTests.xctest; sourceTree = BUILT_PRODUCTS_DIR; };
		ADFCB3772A83B58B00464491 /* WorldTrotterTests.swift */ = {isa = PBXFileReference; lastKnownFileType = sourcecode.swift; path = WorldTrotterTests.swift; sourceTree = "<group>"; };
		ADFCB37D2A83B58B00464491 /* WorldTrotterUITests.xctest */ = {isa = PBXFileReference; explicitFileType = wrapper.cfbundle; includeInIndex = 0; path = WorldTrotterUITests.xctest; sourceTree = BUILT_PRODUCTS_DIR; };
		ADFCB3812A83B58B00464491 /* WorldTrotterUITests.swift */ = {isa = PBXFileReference; lastKnownFileType = sourcecode.swift; path = WorldTrotterUITests.swift; sourceTree = "<group>"; };
		ADFCB3832A83B58B00464491 /* WorldTrotterUITestsLaunchTests.swift */ = {isa = PBXFileReference; lastKnownFileType = sourcecode.swift; path = WorldTrotterUITestsLaunchTests.swift; sourceTree = "<group>"; };
		ADFCB3932A84DBB300464491 /* SilverChallenge-ViewController.swift */ = {isa = PBXFileReference; lastKnownFileType = sourcecode.swift; path = "SilverChallenge-ViewController.swift"; sourceTree = "<group>"; };
		ADFCB3952A861CFD00464491 /* Golden-Challenege-ViewController.swift */ = {isa = PBXFileReference; lastKnownFileType = sourcecode.swift; path = "Golden-Challenege-ViewController.swift"; sourceTree = "<group>"; };
/* End PBXFileReference section */

/* Begin PBXFrameworksBuildPhase section */
		ADFCB35A2A83B58600464491 /* Frameworks */ = {
			isa = PBXFrameworksBuildPhase;
			buildActionMask = 2147483647;
			files = (
			);
			runOnlyForDeploymentPostprocessing = 0;
		};
		ADFCB3702A83B58B00464491 /* Frameworks */ = {
			isa = PBXFrameworksBuildPhase;
			buildActionMask = 2147483647;
			files = (
			);
			runOnlyForDeploymentPostprocessing = 0;
		};
		ADFCB37A2A83B58B00464491 /* Frameworks */ = {
			isa = PBXFrameworksBuildPhase;
			buildActionMask = 2147483647;
			files = (
			);
			runOnlyForDeploymentPostprocessing = 0;
		};
/* End PBXFrameworksBuildPhase section */

/* Begin PBXGroup section */
		ADFCB3542A83B58600464491 = {
			isa = PBXGroup;
			children = (
				ADFCB35F2A83B58600464491 /* WorldTrotter */,
				ADFCB3762A83B58B00464491 /* WorldTrotterTests */,
				ADFCB3802A83B58B00464491 /* WorldTrotterUITests */,
				ADFCB35E2A83B58600464491 /* Products */,
			);
			sourceTree = "<group>";
		};
		ADFCB35E2A83B58600464491 /* Products */ = {
			isa = PBXGroup;
			children = (
				ADFCB35D2A83B58600464491 /* WorldTrotter.app */,
				ADFCB3732A83B58B00464491 /* WorldTrotterTests.xctest */,
				ADFCB37D2A83B58B00464491 /* WorldTrotterUITests.xctest */,
			);
			name = Products;
			sourceTree = "<group>";
		};
		ADFCB35F2A83B58600464491 /* WorldTrotter */ = {
			isa = PBXGroup;
			children = (
				ADFCB3922A84DB7C00464491 /* Application */,
				ADFCB3902A84DB6A00464491 /* Controller */,
				ADFCB3912A84DB7400464491 /* View */,
				ADFCB3692A83B58B00464491 /* Assets.xcassets */,
				ADFCB36B2A83B58B00464491 /* LaunchScreen.storyboard */,
				ADFCB36E2A83B58B00464491 /* Info.plist */,
			);
			path = WorldTrotter;
			sourceTree = "<group>";
		};
		ADFCB3762A83B58B00464491 /* WorldTrotterTests */ = {
			isa = PBXGroup;
			children = (
				ADFCB3772A83B58B00464491 /* WorldTrotterTests.swift */,
			);
			path = WorldTrotterTests;
			sourceTree = "<group>";
		};
		ADFCB3802A83B58B00464491 /* WorldTrotterUITests */ = {
			isa = PBXGroup;
			children = (
				ADFCB3812A83B58B00464491 /* WorldTrotterUITests.swift */,
				ADFCB3832A83B58B00464491 /* WorldTrotterUITestsLaunchTests.swift */,
			);
			path = WorldTrotterUITests;
			sourceTree = "<group>";
		};
		ADFCB3902A84DB6A00464491 /* Controller */ = {
			isa = PBXGroup;
			children = (
				ADFCB3642A83B58700464491 /* ViewController.swift */,
				ADFCB3932A84DBB300464491 /* SilverChallenge-ViewController.swift */,
				ADFCB3952A861CFD00464491 /* Golden-Challenege-ViewController.swift */,
			);
			path = Controller;
			sourceTree = "<group>";
		};
		ADFCB3912A84DB7400464491 /* View */ = {
			isa = PBXGroup;
			children = (
				ADFCB3662A83B58700464491 /* Main.storyboard */,
			);
			path = View;
			sourceTree = "<group>";
		};
		ADFCB3922A84DB7C00464491 /* Application */ = {
			isa = PBXGroup;
			children = (
				ADFCB3622A83B58700464491 /* SceneDelegate.swift */,
				ADFCB3602A83B58700464491 /* AppDelegate.swift */,
			);
			path = Application;
			sourceTree = "<group>";
		};
/* End PBXGroup section */

/* Begin PBXNativeTarget section */
		ADFCB35C2A83B58600464491 /* WorldTrotter */ = {
			isa = PBXNativeTarget;
			buildConfigurationList = ADFCB3872A83B58B00464491 /* Build configuration list for PBXNativeTarget "WorldTrotter" */;
			buildPhases = (
				ADFCB3592A83B58600464491 /* Sources */,
				ADFCB35A2A83B58600464491 /* Frameworks */,
				ADFCB35B2A83B58600464491 /* Resources */,
			);
			buildRules = (
			);
			dependencies = (
			);
			name = WorldTrotter;
			productName = WorldTrotter;
			productReference = ADFCB35D2A83B58600464491 /* WorldTrotter.app */;
			productType = "com.apple.product-type.application";
		};
		ADFCB3722A83B58B00464491 /* WorldTrotterTests */ = {
			isa = PBXNativeTarget;
			buildConfigurationList = ADFCB38A2A83B58B00464491 /* Build configuration list for PBXNativeTarget "WorldTrotterTests" */;
			buildPhases = (
				ADFCB36F2A83B58B00464491 /* Sources */,
				ADFCB3702A83B58B00464491 /* Frameworks */,
				ADFCB3712A83B58B00464491 /* Resources */,
			);
			buildRules = (
			);
			dependencies = (
				ADFCB3752A83B58B00464491 /* PBXTargetDependency */,
			);
			name = WorldTrotterTests;
			productName = WorldTrotterTests;
			productReference = ADFCB3732A83B58B00464491 /* WorldTrotterTests.xctest */;
			productType = "com.apple.product-type.bundle.unit-test";
		};
		ADFCB37C2A83B58B00464491 /* WorldTrotterUITests */ = {
			isa = PBXNativeTarget;
			buildConfigurationList = ADFCB38D2A83B58B00464491 /* Build configuration list for PBXNativeTarget "WorldTrotterUITests" */;
			buildPhases = (
				ADFCB3792A83B58B00464491 /* Sources */,
				ADFCB37A2A83B58B00464491 /* Frameworks */,
				ADFCB37B2A83B58B00464491 /* Resources */,
			);
			buildRules = (
			);
			dependencies = (
				ADFCB37F2A83B58B00464491 /* PBXTargetDependency */,
			);
			name = WorldTrotterUITests;
			productName = WorldTrotterUITests;
			productReference = ADFCB37D2A83B58B00464491 /* WorldTrotterUITests.xctest */;
			productType = "com.apple.product-type.bundle.ui-testing";
		};
/* End PBXNativeTarget section */

/* Begin PBXProject section */
		ADFCB3552A83B58600464491 /* Project object */ = {
			isa = PBXProject;
			attributes = {
				BuildIndependentTargetsInParallel = 1;
				LastSwiftUpdateCheck = 1430;
				LastUpgradeCheck = 1430;
				TargetAttributes = {
					ADFCB35C2A83B58600464491 = {
						CreatedOnToolsVersion = 14.3.1;
					};
					ADFCB3722A83B58B00464491 = {
						CreatedOnToolsVersion = 14.3.1;
						TestTargetID = ADFCB35C2A83B58600464491;
					};
					ADFCB37C2A83B58B00464491 = {
						CreatedOnToolsVersion = 14.3.1;
						TestTargetID = ADFCB35C2A83B58600464491;
					};
				};
			};
			buildConfigurationList = ADFCB3582A83B58600464491 /* Build configuration list for PBXProject "WorldTrotter" */;
			compatibilityVersion = "Xcode 14.0";
			developmentRegion = en;
			hasScannedForEncodings = 0;
			knownRegions = (
				en,
				Base,
			);
			mainGroup = ADFCB3542A83B58600464491;
			productRefGroup = ADFCB35E2A83B58600464491 /* Products */;
			projectDirPath = "";
			projectRoot = "";
			targets = (
				ADFCB35C2A83B58600464491 /* WorldTrotter */,
				ADFCB3722A83B58B00464491 /* WorldTrotterTests */,
				ADFCB37C2A83B58B00464491 /* WorldTrotterUITests */,
			);
		};
/* End PBXProject section */

/* Begin PBXResourcesBuildPhase section */
		ADFCB35B2A83B58600464491 /* Resources */ = {
			isa = PBXResourcesBuildPhase;
			buildActionMask = 2147483647;
			files = (
				ADFCB36D2A83B58B00464491 /* LaunchScreen.storyboard in Resources */,
				ADFCB36A2A83B58B00464491 /* Assets.xcassets in Resources */,
				ADFCB3682A83B58700464491 /* Main.storyboard in Resources */,
			);
			runOnlyForDeploymentPostprocessing = 0;
		};
		ADFCB3712A83B58B00464491 /* Resources */ = {
			isa = PBXResourcesBuildPhase;
			buildActionMask = 2147483647;
			files = (
			);
			runOnlyForDeploymentPostprocessing = 0;
		};
		ADFCB37B2A83B58B00464491 /* Resources */ = {
			isa = PBXResourcesBuildPhase;
			buildActionMask = 2147483647;
			files = (
			);
			runOnlyForDeploymentPostprocessing = 0;
		};
/* End PBXResourcesBuildPhase section */

/* Begin PBXSourcesBuildPhase section */
		ADFCB3592A83B58600464491 /* Sources */ = {
			isa = PBXSourcesBuildPhase;
			buildActionMask = 2147483647;
			files = (
				ADFCB3652A83B58700464491 /* ViewController.swift in Sources */,
				ADFCB3962A861CFD00464491 /* Golden-Challenege-ViewController.swift in Sources */,
				ADFCB3612A83B58700464491 /* AppDelegate.swift in Sources */,
				ADFCB3632A83B58700464491 /* SceneDelegate.swift in Sources */,
				ADFCB3942A84DBB300464491 /* SilverChallenge-ViewController.swift in Sources */,
			);
			runOnlyForDeploymentPostprocessing = 0;
		};
		ADFCB36F2A83B58B00464491 /* Sources */ = {
			isa = PBXSourcesBuildPhase;
			buildActionMask = 2147483647;
			files = (
				ADFCB3782A83B58B00464491 /* WorldTrotterTests.swift in Sources */,
			);
			runOnlyForDeploymentPostprocessing = 0;
		};
		ADFCB3792A83B58B00464491 /* Sources */ = {
			isa = PBXSourcesBuildPhase;
			buildActionMask = 2147483647;
			files = (
				ADFCB3842A83B58B00464491 /* WorldTrotterUITestsLaunchTests.swift in Sources */,
				ADFCB3822A83B58B00464491 /* WorldTrotterUITests.swift in Sources */,
			);
			runOnlyForDeploymentPostprocessing = 0;
		};
/* End PBXSourcesBuildPhase section */

/* Begin PBXTargetDependency section */
		ADFCB3752A83B58B00464491 /* PBXTargetDependency */ = {
			isa = PBXTargetDependency;
			target = ADFCB35C2A83B58600464491 /* WorldTrotter */;
			targetProxy = ADFCB3742A83B58B00464491 /* PBXContainerItemProxy */;
		};
		ADFCB37F2A83B58B00464491 /* PBXTargetDependency */ = {
			isa = PBXTargetDependency;
			target = ADFCB35C2A83B58600464491 /* WorldTrotter */;
			targetProxy = ADFCB37E2A83B58B00464491 /* PBXContainerItemProxy */;
		};
/* End PBXTargetDependency section */

/* Begin PBXVariantGroup section */
		ADFCB3662A83B58700464491 /* Main.storyboard */ = {
			isa = PBXVariantGroup;
			children = (
				ADFCB3672A83B58700464491 /* Base */,
			);
			name = Main.storyboard;
			sourceTree = "<group>";
		};
		ADFCB36B2A83B58B00464491 /* LaunchScreen.storyboard */ = {
			isa = PBXVariantGroup;
			children = (
				ADFCB36C2A83B58B00464491 /* Base */,
			);
			name = LaunchScreen.storyboard;
			sourceTree = "<group>";
		};
/* End PBXVariantGroup section */

/* Begin XCBuildConfiguration section */
		ADFCB3852A83B58B00464491 /* Debug */ = {
			isa = XCBuildConfiguration;
			buildSettings = {
				ALWAYS_SEARCH_USER_PATHS = NO;
				CLANG_ANALYZER_NONNULL = YES;
				CLANG_ANALYZER_NUMBER_OBJECT_CONVERSION = YES_AGGRESSIVE;
				CLANG_CXX_LANGUAGE_STANDARD = "gnu++20";
				CLANG_ENABLE_MODULES = YES;
				CLANG_ENABLE_OBJC_ARC = YES;
				CLANG_ENABLE_OBJC_WEAK = YES;
				CLANG_WARN_BLOCK_CAPTURE_AUTORELEASING = YES;
				CLANG_WARN_BOOL_CONVERSION = YES;
				CLANG_WARN_COMMA = YES;
				CLANG_WARN_CONSTANT_CONVERSION = YES;
				CLANG_WARN_DEPRECATED_OBJC_IMPLEMENTATIONS = YES;
				CLANG_WARN_DIRECT_OBJC_ISA_USAGE = YES_ERROR;
				CLANG_WARN_DOCUMENTATION_COMMENTS = YES;
				CLANG_WARN_EMPTY_BODY = YES;
				CLANG_WARN_ENUM_CONVERSION = YES;
				CLANG_WARN_INFINITE_RECURSION = YES;
				CLANG_WARN_INT_CONVERSION = YES;
				CLANG_WARN_NON_LITERAL_NULL_CONVERSION = YES;
				CLANG_WARN_OBJC_IMPLICIT_RETAIN_SELF = YES;
				CLANG_WARN_OBJC_LITERAL_CONVERSION = YES;
				CLANG_WARN_OBJC_ROOT_CLASS = YES_ERROR;
				CLANG_WARN_QUOTED_INCLUDE_IN_FRAMEWORK_HEADER = YES;
				CLANG_WARN_RANGE_LOOP_ANALYSIS = YES;
				CLANG_WARN_STRICT_PROTOTYPES = YES;
				CLANG_WARN_SUSPICIOUS_MOVE = YES;
				CLANG_WARN_UNGUARDED_AVAILABILITY = YES_AGGRESSIVE;
				CLANG_WARN_UNREACHABLE_CODE = YES;
				CLANG_WARN__DUPLICATE_METHOD_MATCH = YES;
				COPY_PHASE_STRIP = NO;
				DEBUG_INFORMATION_FORMAT = dwarf;
				ENABLE_STRICT_OBJC_MSGSEND = YES;
				ENABLE_TESTABILITY = YES;
				GCC_C_LANGUAGE_STANDARD = gnu11;
				GCC_DYNAMIC_NO_PIC = NO;
				GCC_NO_COMMON_BLOCKS = YES;
				GCC_OPTIMIZATION_LEVEL = 0;
				GCC_PREPROCESSOR_DEFINITIONS = (
					"DEBUG=1",
					"$(inherited)",
				);
				GCC_WARN_64_TO_32_BIT_CONVERSION = YES;
				GCC_WARN_ABOUT_RETURN_TYPE = YES_ERROR;
				GCC_WARN_UNDECLARED_SELECTOR = YES;
				GCC_WARN_UNINITIALIZED_AUTOS = YES_AGGRESSIVE;
				GCC_WARN_UNUSED_FUNCTION = YES;
				GCC_WARN_UNUSED_VARIABLE = YES;
				IPHONEOS_DEPLOYMENT_TARGET = 16.4;
				MTL_ENABLE_DEBUG_INFO = INCLUDE_SOURCE;
				MTL_FAST_MATH = YES;
				ONLY_ACTIVE_ARCH = YES;
				SDKROOT = iphoneos;
				SWIFT_ACTIVE_COMPILATION_CONDITIONS = DEBUG;
				SWIFT_OPTIMIZATION_LEVEL = "-Onone";
			};
			name = Debug;
		};
		ADFCB3862A83B58B00464491 /* Release */ = {
			isa = XCBuildConfiguration;
			buildSettings = {
				ALWAYS_SEARCH_USER_PATHS = NO;
				CLANG_ANALYZER_NONNULL = YES;
				CLANG_ANALYZER_NUMBER_OBJECT_CONVERSION = YES_AGGRESSIVE;
				CLANG_CXX_LANGUAGE_STANDARD = "gnu++20";
				CLANG_ENABLE_MODULES = YES;
				CLANG_ENABLE_OBJC_ARC = YES;
				CLANG_ENABLE_OBJC_WEAK = YES;
				CLANG_WARN_BLOCK_CAPTURE_AUTORELEASING = YES;
				CLANG_WARN_BOOL_CONVERSION = YES;
				CLANG_WARN_COMMA = YES;
				CLANG_WARN_CONSTANT_CONVERSION = YES;
				CLANG_WARN_DEPRECATED_OBJC_IMPLEMENTATIONS = YES;
				CLANG_WARN_DIRECT_OBJC_ISA_USAGE = YES_ERROR;
				CLANG_WARN_DOCUMENTATION_COMMENTS = YES;
				CLANG_WARN_EMPTY_BODY = YES;
				CLANG_WARN_ENUM_CONVERSION = YES;
				CLANG_WARN_INFINITE_RECURSION = YES;
				CLANG_WARN_INT_CONVERSION = YES;
				CLANG_WARN_NON_LITERAL_NULL_CONVERSION = YES;
				CLANG_WARN_OBJC_IMPLICIT_RETAIN_SELF = YES;
				CLANG_WARN_OBJC_LITERAL_CONVERSION = YES;
				CLANG_WARN_OBJC_ROOT_CLASS = YES_ERROR;
				CLANG_WARN_QUOTED_INCLUDE_IN_FRAMEWORK_HEADER = YES;
				CLANG_WARN_RANGE_LOOP_ANALYSIS = YES;
				CLANG_WARN_STRICT_PROTOTYPES = YES;
				CLANG_WARN_SUSPICIOUS_MOVE = YES;
				CLANG_WARN_UNGUARDED_AVAILABILITY = YES_AGGRESSIVE;
				CLANG_WARN_UNREACHABLE_CODE = YES;
				CLANG_WARN__DUPLICATE_METHOD_MATCH = YES;
				COPY_PHASE_STRIP = NO;
				DEBUG_INFORMATION_FORMAT = "dwarf-with-dsym";
				ENABLE_NS_ASSERTIONS = NO;
				ENABLE_STRICT_OBJC_MSGSEND = YES;
				GCC_C_LANGUAGE_STANDARD = gnu11;
				GCC_NO_COMMON_BLOCKS = YES;
				GCC_WARN_64_TO_32_BIT_CONVERSION = YES;
				GCC_WARN_ABOUT_RETURN_TYPE = YES_ERROR;
				GCC_WARN_UNDECLARED_SELECTOR = YES;
				GCC_WARN_UNINITIALIZED_AUTOS = YES_AGGRESSIVE;
				GCC_WARN_UNUSED_FUNCTION = YES;
				GCC_WARN_UNUSED_VARIABLE = YES;
				IPHONEOS_DEPLOYMENT_TARGET = 16.4;
				MTL_ENABLE_DEBUG_INFO = NO;
				MTL_FAST_MATH = YES;
				SDKROOT = iphoneos;
				SWIFT_COMPILATION_MODE = wholemodule;
				SWIFT_OPTIMIZATION_LEVEL = "-O";
				VALIDATE_PRODUCT = YES;
			};
			name = Release;
		};
		ADFCB3882A83B58B00464491 /* Debug */ = {
			isa = XCBuildConfiguration;
			buildSettings = {
				ASSETCATALOG_COMPILER_APPICON_NAME = AppIcon;
				ASSETCATALOG_COMPILER_GLOBAL_ACCENT_COLOR_NAME = AccentColor;
				CODE_SIGN_STYLE = Automatic;
				CURRENT_PROJECT_VERSION = 1;
				DEVELOPMENT_TEAM = 74Z4KKZ96B;
				GENERATE_INFOPLIST_FILE = YES;
				INFOPLIST_FILE = WorldTrotter/Info.plist;
				INFOPLIST_KEY_UIApplicationSupportsIndirectInputEvents = YES;
				INFOPLIST_KEY_UILaunchStoryboardName = LaunchScreen;
				INFOPLIST_KEY_UIMainStoryboardFile = Main;
				INFOPLIST_KEY_UISupportedInterfaceOrientations_iPad = "UIInterfaceOrientationPortrait UIInterfaceOrientationPortraitUpsideDown UIInterfaceOrientationLandscapeLeft UIInterfaceOrientationLandscapeRight";
				INFOPLIST_KEY_UISupportedInterfaceOrientations_iPhone = "UIInterfaceOrientationPortrait UIInterfaceOrientationLandscapeLeft UIInterfaceOrientationLandscapeRight";
				LD_RUNPATH_SEARCH_PATHS = (
					"$(inherited)",
					"@executable_path/Frameworks",
				);
				MARKETING_VERSION = 1.0;
				PRODUCT_BUNDLE_IDENTIFIER = abc.WorldTrotter;
				PRODUCT_NAME = "$(TARGET_NAME)";
				SWIFT_EMIT_LOC_STRINGS = YES;
				SWIFT_VERSION = 5.0;
				TARGETED_DEVICE_FAMILY = "1,2";
			};
			name = Debug;
		};
		ADFCB3892A83B58B00464491 /* Release */ = {
			isa = XCBuildConfiguration;
			buildSettings = {
				ASSETCATALOG_COMPILER_APPICON_NAME = AppIcon;
				ASSETCATALOG_COMPILER_GLOBAL_ACCENT_COLOR_NAME = AccentColor;
				CODE_SIGN_STYLE = Automatic;
				CURRENT_PROJECT_VERSION = 1;
				DEVELOPMENT_TEAM = 74Z4KKZ96B;
				GENERATE_INFOPLIST_FILE = YES;
				INFOPLIST_FILE = WorldTrotter/Info.plist;
				INFOPLIST_KEY_UIApplicationSupportsIndirectInputEvents = YES;
				INFOPLIST_KEY_UILaunchStoryboardName = LaunchScreen;
				INFOPLIST_KEY_UIMainStoryboardFile = Main;
				INFOPLIST_KEY_UISupportedInterfaceOrientations_iPad = "UIInterfaceOrientationPortrait UIInterfaceOrientationPortraitUpsideDown UIInterfaceOrientationLandscapeLeft UIInterfaceOrientationLandscapeRight";
				INFOPLIST_KEY_UISupportedInterfaceOrientations_iPhone = "UIInterfaceOrientationPortrait UIInterfaceOrientationLandscapeLeft UIInterfaceOrientationLandscapeRight";
				LD_RUNPATH_SEARCH_PATHS = (
					"$(inherited)",
					"@executable_path/Frameworks",
				);
				MARKETING_VERSION = 1.0;
				PRODUCT_BUNDLE_IDENTIFIER = abc.WorldTrotter;
				PRODUCT_NAME = "$(TARGET_NAME)";
				SWIFT_EMIT_LOC_STRINGS = YES;
				SWIFT_VERSION = 5.0;
				TARGETED_DEVICE_FAMILY = "1,2";
			};
			name = Release;
		};
		ADFCB38B2A83B58B00464491 /* Debug */ = {
			isa = XCBuildConfiguration;
			buildSettings = {
				ALWAYS_EMBED_SWIFT_STANDARD_LIBRARIES = YES;
				BUNDLE_LOADER = "$(TEST_HOST)";
				CODE_SIGN_STYLE = Automatic;
				CURRENT_PROJECT_VERSION = 1;
				DEVELOPMENT_TEAM = 74Z4KKZ96B;
				GENERATE_INFOPLIST_FILE = YES;
				IPHONEOS_DEPLOYMENT_TARGET = 16.4;
				MARKETING_VERSION = 1.0;
				PRODUCT_BUNDLE_IDENTIFIER = abc.WorldTrotterTests;
				PRODUCT_NAME = "$(TARGET_NAME)";
				SWIFT_EMIT_LOC_STRINGS = NO;
				SWIFT_VERSION = 5.0;
				TARGETED_DEVICE_FAMILY = "1,2";
				TEST_HOST = "$(BUILT_PRODUCTS_DIR)/WorldTrotter.app/$(BUNDLE_EXECUTABLE_FOLDER_PATH)/WorldTrotter";
			};
			name = Debug;
		};
		ADFCB38C2A83B58B00464491 /* Release */ = {
			isa = XCBuildConfiguration;
			buildSettings = {
				ALWAYS_EMBED_SWIFT_STANDARD_LIBRARIES = YES;
				BUNDLE_LOADER = "$(TEST_HOST)";
				CODE_SIGN_STYLE = Automatic;
				CURRENT_PROJECT_VERSION = 1;
				DEVELOPMENT_TEAM = 74Z4KKZ96B;
				GENERATE_INFOPLIST_FILE = YES;
				IPHONEOS_DEPLOYMENT_TARGET = 16.4;
				MARKETING_VERSION = 1.0;
				PRODUCT_BUNDLE_IDENTIFIER = abc.WorldTrotterTests;
				PRODUCT_NAME = "$(TARGET_NAME)";
				SWIFT_EMIT_LOC_STRINGS = NO;
				SWIFT_VERSION = 5.0;
				TARGETED_DEVICE_FAMILY = "1,2";
				TEST_HOST = "$(BUILT_PRODUCTS_DIR)/WorldTrotter.app/$(BUNDLE_EXECUTABLE_FOLDER_PATH)/WorldTrotter";
			};
			name = Release;
		};
		ADFCB38E2A83B58B00464491 /* Debug */ = {
			isa = XCBuildConfiguration;
			buildSettings = {
				ALWAYS_EMBED_SWIFT_STANDARD_LIBRARIES = YES;
				CODE_SIGN_STYLE = Automatic;
				CURRENT_PROJECT_VERSION = 1;
				DEVELOPMENT_TEAM = 74Z4KKZ96B;
				GENERATE_INFOPLIST_FILE = YES;
				MARKETING_VERSION = 1.0;
				PRODUCT_BUNDLE_IDENTIFIER = abc.WorldTrotterUITests;
				PRODUCT_NAME = "$(TARGET_NAME)";
				SWIFT_EMIT_LOC_STRINGS = NO;
				SWIFT_VERSION = 5.0;
				TARGETED_DEVICE_FAMILY = "1,2";
				TEST_TARGET_NAME = WorldTrotter;
			};
			name = Debug;
		};
		ADFCB38F2A83B58B00464491 /* Release */ = {
			isa = XCBuildConfiguration;
			buildSettings = {
				ALWAYS_EMBED_SWIFT_STANDARD_LIBRARIES = YES;
				CODE_SIGN_STYLE = Automatic;
				CURRENT_PROJECT_VERSION = 1;
				DEVELOPMENT_TEAM = 74Z4KKZ96B;
				GENERATE_INFOPLIST_FILE = YES;
				MARKETING_VERSION = 1.0;
				PRODUCT_BUNDLE_IDENTIFIER = abc.WorldTrotterUITests;
				PRODUCT_NAME = "$(TARGET_NAME)";
				SWIFT_EMIT_LOC_STRINGS = NO;
				SWIFT_VERSION = 5.0;
				TARGETED_DEVICE_FAMILY = "1,2";
				TEST_TARGET_NAME = WorldTrotter;
			};
			name = Release;
		};
/* End XCBuildConfiguration section */

/* Begin XCConfigurationList section */
		ADFCB3582A83B58600464491 /* Build configuration list for PBXProject "WorldTrotter" */ = {
			isa = XCConfigurationList;
			buildConfigurations = (
				ADFCB3852A83B58B00464491 /* Debug */,
				ADFCB3862A83B58B00464491 /* Release */,
			);
			defaultConfigurationIsVisible = 0;
			defaultConfigurationName = Release;
		};
		ADFCB3872A83B58B00464491 /* Build configuration list for PBXNativeTarget "WorldTrotter" */ = {
			isa = XCConfigurationList;
			buildConfigurations = (
				ADFCB3882A83B58B00464491 /* Debug */,
				ADFCB3892A83B58B00464491 /* Release */,
			);
			defaultConfigurationIsVisible = 0;
			defaultConfigurationName = Release;
		};
		ADFCB38A2A83B58B00464491 /* Build configuration list for PBXNativeTarget "WorldTrotterTests" */ = {
			isa = XCConfigurationList;
			buildConfigurations = (
				ADFCB38B2A83B58B00464491 /* Debug */,
				ADFCB38C2A83B58B00464491 /* Release */,
			);
			defaultConfigurationIsVisible = 0;
			defaultConfigurationName = Release;
		};
		ADFCB38D2A83B58B00464491 /* Build configuration list for PBXNativeTarget "WorldTrotterUITests" */ = {
			isa = XCConfigurationList;
			buildConfigurations = (
				ADFCB38E2A83B58B00464491 /* Debug */,
				ADFCB38F2A83B58B00464491 /* Release */,
			);
			defaultConfigurationIsVisible = 0;
			defaultConfigurationName = Release;
		};
/* End XCConfigurationList section */
	};
	rootObject = ADFCB3552A83B58600464491 /* Project object */;
}
